{
  "name": "@nforma.ai/nf-benchmark",
  "version": "0.1.0",
  "lockfileVersion": 3,
  "requires": true,
  "packages": {
    "": {
      "name": "@nforma.ai/nf-benchmark",
      "version": "0.1.0",
      "license": "MIT",
      "bin": {
        "nf-benchmark": "bin/nf-benchmark.cjs"
      },
      "engines": {
        "node": ">=18.0.0"
      }
    }
  }
}
